
Microsoft Visual Studio Solution File, Format Version 11.00
# Visual Studio 2010
Project("{FAE04EC0-301F-11D3-BF4B-00C04F79EFBC}") = "Assembly-CSharp-firstpass", "Assembly-CSharp-firstpass.csproj", "{d83013f0-e56e-6813-7063-57dc2366b6f9}"
EndProject
Project("{FAE04EC0-301F-11D3-BF4B-00C04F79EFBC}") = "Assembly-CSharp", "Assembly-CSharp.csproj", "{fc5d9a2f-968f-23ba-6eb2-4548512a9b91}"
EndProject
Project("{FAE04EC0-301F-11D3-BF4B-00C04F79EFBC}") = "Assembly-CSharp-Editor", "Assembly-CSharp-Editor.csproj", "{cec956ac-107b-7933-532a-f0a70d9a4155}"
EndProject
Global
	GlobalSection(SolutionConfigurationPlatforms) = preSolution
		Debug|Any CPU = Debug|Any CPU
	EndGlobalSection
	GlobalSection(ProjectConfigurationPlatforms) = postSolution
		{d83013f0-e56e-6813-7063-57dc2366b6f9}.Debug|Any CPU.ActiveCfg = Debug|Any CPU
		{d83013f0-e56e-6813-7063-57dc2366b6f9}.Debug|Any CPU.Build.0 = Debug|Any CPU
		{fc5d9a2f-968f-23ba-6eb2-4548512a9b91}.Debug|Any CPU.ActiveCfg = Debug|Any CPU
		{fc5d9a2f-968f-23ba-6eb2-4548512a9b91}.Debug|Any CPU.Build.0 = Debug|Any CPU
		{cec956ac-107b-7933-532a-f0a70d9a4155}.Debug|Any CPU.ActiveCfg = Debug|Any CPU
		{cec956ac-107b-7933-532a-f0a70d9a4155}.Debug|Any CPU.Build.0 = Debug|Any CPU
	EndGlobalSection
	GlobalSection(SolutionProperties) = preSolution
		HideSolutionNode = FALSE
	EndGlobalSection
EndGlobal
